
Microsoft Visual Studio Solution File, Format Version 12.00
# Visual Studio Version 17
VisualStudioVersion = 17.4.33205.214
MinimumVisualStudioVersion = 10.0.40219.1
Project("{9A19103F-16F7-4668-BE54-9A1E7A4F7556}") = "OTPWarden", "OTPWarden\OTPWarden.csproj", "{AC0AB486-4076-4659-B5BD-A3B516C82CE8}"
EndProject
Project("{9A19103F-16F7-4668-BE54-9A1E7A4F7556}") = "OTPWarden.DataAccess", "OTPWarden.DataAccess\OTPWarden.DataAccess.csproj", "{C5E83D9B-CACC-4D69-8403-0552500EC677}"
EndProject
Global
	GlobalSection(SolutionConfigurationPlatforms) = preSolution
		Debug|Any CPU = Debug|Any CPU
		Release|Any CPU = Release|Any CPU
	EndGlobalSection
	GlobalSection(ProjectConfigurationPlatforms) = postSolution
		{AC0AB486-4076-4659-B5BD-A3B516C82CE8}.Debug|Any CPU.ActiveCfg = Debug|Any CPU
		{AC0AB486-4076-4659-B5BD-A3B516C82CE8}.Debug|Any CPU.Build.0 = Debug|Any CPU
		{AC0AB486-4076-4659-B5BD-A3B516C82CE8}.Release|Any CPU.ActiveCfg = Release|Any CPU
		{AC0AB486-4076-4659-B5BD-A3B516C82CE8}.Release|Any CPU.Build.0 = Release|Any CPU
		{C5E83D9B-CACC-4D69-8403-0552500EC677}.Debug|Any CPU.ActiveCfg = Debug|Any CPU
		{C5E83D9B-CACC-4D69-8403-0552500EC677}.Debug|Any CPU.Build.0 = Debug|Any CPU
		{C5E83D9B-CACC-4D69-8403-0552500EC677}.Release|Any CPU.ActiveCfg = Release|Any CPU
		{C5E83D9B-CACC-4D69-8403-0552500EC677}.Release|Any CPU.Build.0 = Release|Any CPU
	EndGlobalSection
	GlobalSection(SolutionProperties) = preSolution
		HideSolutionNode = FALSE
	EndGlobalSection
	GlobalSection(ExtensibilityGlobals) = postSolution
		SolutionGuid = {962C9172-9396-4D7A-AA57-C102D35CD7A1}
	EndGlobalSection
EndGlobal
